// !$*UTF8*$!
{
	archiveVersion = 1;
	classes = {
	};
	objectVersion = 46;
	objects = {

/* Begin PBXBuildFile section */
		E51BA05A194D1C97006CC8F0 /* Foundation.framework in Frameworks */ = {isa = PBXBuildFile; fileRef = E51BA059194D1C97006CC8F0 /* Foundation.framework */; };
		E51BA05C194D1C97006CC8F0 /* CoreGraphics.framework in Frameworks */ = {isa = PBXBuildFile; fileRef = E51BA05B194D1C97006CC8F0 /* CoreGraphics.framework */; };
		E51BA05E194D1C97006CC8F0 /* UIKit.framework in Frameworks */ = {isa = PBXBuildFile; fileRef = E51BA05D194D1C97006CC8F0 /* UIKit.framework */; };
		E51BA060194D1C97006CC8F0 /* CoreData.framework in Frameworks */ = {isa = PBXBuildFile; fileRef = E51BA05F194D1C97006CC8F0 /* CoreData.framework */; };
		E51BA066194D1C97006CC8F0 /* InfoPlist.strings in Resources */ = {isa = PBXBuildFile; fileRef = E51BA064194D1C97006CC8F0 /* InfoPlist.strings */; };
		E51BA068194D1C97006CC8F0 /* main.m in Sources */ = {isa = PBXBuildFile; fileRef = E51BA067194D1C97006CC8F0 /* main.m */; };
		E51BA06C194D1C97006CC8F0 /* AppDelegate.m in Sources */ = {isa = PBXBuildFile; fileRef = E51BA06B194D1C97006CC8F0 /* AppDelegate.m */; };
		E51BA06F194D1C97006CC8F0 /* Main_iPhone.storyboard in Resources */ = {isa = PBXBuildFile; fileRef = E51BA06D194D1C97006CC8F0 /* Main_iPhone.storyboard */; };
		E51BA072194D1C97006CC8F0 /* Main_iPad.storyboard in Resources */ = {isa = PBXBuildFile; fileRef = E51BA070194D1C97006CC8F0 /* Main_iPad.storyboard */; };
		E51BA075194D1C97006CC8F0 /* ControllingSource.xcdatamodeld in Sources */ = {isa = PBXBuildFile; fileRef = E51BA073194D1C97006CC8F0 /* ControllingSource.xcdatamodeld */; };
		E51BA078194D1C97006CC8F0 /* MasterViewController.m in Sources */ = {isa = PBXBuildFile; fileRef = E51BA077194D1C97006CC8F0 /* MasterViewController.m */; };
		E51BA07B194D1C97006CC8F0 /* DetailViewController.m in Sources */ = {isa = PBXBuildFile; fileRef = E51BA07A194D1C97006CC8F0 /* DetailViewController.m */; };
		E51BA07D194D1C97006CC8F0 /* Images.xcassets in Resources */ = {isa = PBXBuildFile; fileRef = E51BA07C194D1C97006CC8F0 /* Images.xcassets */; };
		E51BA084194D1C97006CC8F0 /* XCTest.framework in Frameworks */ = {isa = PBXBuildFile; fileRef = E51BA083194D1C97006CC8F0 /* XCTest.framework */; };
		E51BA085194D1C97006CC8F0 /* Foundation.framework in Frameworks */ = {isa = PBXBuildFile; fileRef = E51BA059194D1C97006CC8F0 /* Foundation.framework */; };
		E51BA086194D1C97006CC8F0 /* UIKit.framework in Frameworks */ = {isa = PBXBuildFile; fileRef = E51BA05D194D1C97006CC8F0 /* UIKit.framework */; };
		E51BA087194D1C97006CC8F0 /* CoreData.framework in Frameworks */ = {isa = PBXBuildFile; fileRef = E51BA05F194D1C97006CC8F0 /* CoreData.framework */; };
		E51BA08F194D1C97006CC8F0 /* InfoPlist.strings in Resources */ = {isa = PBXBuildFile; fileRef = E51BA08D194D1C97006CC8F0 /* InfoPlist.strings */; };
		E51BA091194D1C97006CC8F0 /* ControllingSourceTests.m in Sources */ = {isa = PBXBuildFile; fileRef = E51BA090194D1C97006CC8F0 /* ControllingSourceTests.m */; };
/* End PBXBuildFile section */

/* Begin PBXContainerItemProxy section */
		E51BA088194D1C97006CC8F0 /* PBXContainerItemProxy */ = {
			isa = PBXContainerItemProxy;
			containerPortal = E51BA04E194D1C97006CC8F0 /* Project object */;
			proxyType = 1;
			remoteGlobalIDString = E51BA055194D1C97006CC8F0;
			remoteInfo = ControllingSource;
		};
/* End PBXContainerItemProxy section */

/* Begin PBXFileReference section */
		E51BA056194D1C97006CC8F0 /* ControllingSource.app */ = {isa = PBXFileReference; explicitFileType = wrapper.application; includeInIndex = 0; path = ControllingSource.app; sourceTree = BUILT_PRODUCTS_DIR; };
		E51BA059194D1C97006CC8F0 /* Foundation.framework */ = {isa = PBXFileReference; lastKnownFileType = wrapper.framework; name = Foundation.framework; path = System/Library/Frameworks/Foundation.framework; sourceTree = SDKROOT; };
		E51BA05B194D1C97006CC8F0 /* CoreGraphics.framework */ = {isa = PBXFileReference; lastKnownFileType = wrapper.framework; name = CoreGraphics.framework; path = System/Library/Frameworks/CoreGraphics.framework; sourceTree = SDKROOT; };
		E51BA05D194D1C97006CC8F0 /* UIKit.framework */ = {isa = PBXFileReference; lastKnownFileType = wrapper.framework; name = UIKit.framework; path = System/Library/Frameworks/UIKit.framework; sourceTree = SDKROOT; };
		E51BA05F194D1C97006CC8F0 /* CoreData.framework */ = {isa = PBXFileReference; lastKnownFileType = wrapper.framework; name = CoreData.framework; path = System/Library/Frameworks/CoreData.framework; sourceTree = SDKROOT; };
		E51BA063194D1C97006CC8F0 /* ControllingSource-Info.plist */ = {isa = PBXFileReference; lastKnownFileType = text.plist.xml; path = "ControllingSource-Info.plist"; sourceTree = "<group>"; };
		E51BA065194D1C97006CC8F0 /* en */ = {isa = PBXFileReference; lastKnownFileType = text.plist.strings; name = en; path = en.lproj/InfoPlist.strings; sourceTree = "<group>"; };
		E51BA067194D1C97006CC8F0 /* main.m */ = {isa = PBXFileReference; lastKnownFileType = sourcecode.c.objc; path = main.m; sourceTree = "<group>"; };
		E51BA069194D1C97006CC8F0 /* ControllingSource-Prefix.pch */ = {isa = PBXFileReference; lastKnownFileType = sourcecode.c.h; path = "ControllingSource-Prefix.pch"; sourceTree = "<group>"; };
		E51BA06A194D1C97006CC8F0 /* AppDelegate.h */ = {isa = PBXFileReference; lastKnownFileType = sourcecode.c.h; path = AppDelegate.h; sourceTree = "<group>"; };
		E51BA06B194D1C97006CC8F0 /* AppDelegate.m */ = {isa = PBXFileReference; lastKnownFileType = sourcecode.c.objc; path = AppDelegate.m; sourceTree = "<group>"; };
		E51BA06E194D1C97006CC8F0 /* Base */ = {isa = PBXFileReference; lastKnownFileType = file.storyboard; name = Base; path = Base.lproj/Main_iPhone.storyboard; sourceTree = "<group>"; };
		E51BA071194D1C97006CC8F0 /* Base */ = {isa = PBXFileReference; lastKnownFileType = file.storyboard; name = Base; path = Base.lproj/Main_iPad.storyboard; sourceTree = "<group>"; };
		E51BA074194D1C97006CC8F0 /* ControllingSource.xcdatamodel */ = {isa = PBXFileReference; lastKnownFileType = wrapper.xcdatamodel; path = ControllingSource.xcdatamodel; sourceTree = "<group>"; };
		E51BA076194D1C97006CC8F0 /* MasterViewController.h */ = {isa = PBXFileReference; lastKnownFileType = sourcecode.c.h; path = MasterViewController.h; sourceTree = "<group>"; };
		E51BA077194D1C97006CC8F0 /* MasterViewController.m */ = {isa = PBXFileReference; lastKnownFileType = sourcecode.c.objc; path = MasterViewController.m; sourceTree = "<group>"; };
		E51BA079194D1C97006CC8F0 /* DetailViewController.h */ = {isa = PBXFileReference; lastKnownFileType = sourcecode.c.h; path = DetailViewController.h; sourceTree = "<group>"; };
		E51BA07A194D1C97006CC8F0 /* DetailViewController.m */ = {isa = PBXFileReference; lastKnownFileType = sourcecode.c.objc; path = DetailViewController.m; sourceTree = "<group>"; };
		E51BA07C194D1C97006CC8F0 /* Images.xcassets */ = {isa = PBXFileReference; lastKnownFileType = folder.assetcatalog; path = Images.xcassets; sourceTree = "<group>"; };
		E51BA082194D1C97006CC8F0 /* ControllingSourceTests.xctest */ = {isa = PBXFileReference; explicitFileType = wrapper.cfbundle; includeInIndex = 0; path = ControllingSourceTests.xctest; sourceTree = BUILT_PRODUCTS_DIR; };
		E51BA083194D1C97006CC8F0 /* XCTest.framework */ = {isa = PBXFileReference; lastKnownFileType = wrapper.framework; name = XCTest.framework; path = Library/Frameworks/XCTest.framework; sourceTree = DEVELOPER_DIR; };
		E51BA08C194D1C97006CC8F0 /* ControllingSourceTests-Info.plist */ = {isa = PBXFileReference; lastKnownFileType = text.plist.xml; path = "ControllingSourceTests-Info.plist"; sourceTree = "<group>"; };
		E51BA08E194D1C97006CC8F0 /* en */ = {isa = PBXFileReference; lastKnownFileType = text.plist.strings; name = en; path = en.lproj/InfoPlist.strings; sourceTree = "<group>"; };
		E51BA090194D1C97006CC8F0 /* ControllingSourceTests.m */ = {isa = PBXFileReference; lastKnownFileType = sourcecode.c.objc; path = ControllingSourceTests.m; sourceTree = "<group>"; };
/* End PBXFileReference section */

/* Begin PBXFrameworksBuildPhase section */
		E51BA053194D1C97006CC8F0 /* Frameworks */ = {
			isa = PBXFrameworksBuildPhase;
			buildActionMask = 2147483647;
			files = (
				E51BA05C194D1C97006CC8F0 /* CoreGraphics.framework in Frameworks */,
				E51BA060194D1C97006CC8F0 /* CoreData.framework in Frameworks */,
				E51BA05E194D1C97006CC8F0 /* UIKit.framework in Frameworks */,
				E51BA05A194D1C97006CC8F0 /* Foundation.framework in Frameworks */,
			);
			runOnlyForDeploymentPostprocessing = 0;
		};
		E51BA07F194D1C97006CC8F0 /* Frameworks */ = {
			isa = PBXFrameworksBuildPhase;
			buildActionMask = 2147483647;
			files = (
				E51BA084194D1C97006CC8F0 /* XCTest.framework in Frameworks */,
				E51BA087194D1C97006CC8F0 /* CoreData.framework in Frameworks */,
				E51BA086194D1C97006CC8F0 /* UIKit.framework in Frameworks */,
				E51BA085194D1C97006CC8F0 /* Foundation.framework in Frameworks */,
			);
			runOnlyForDeploymentPostprocessing = 0;
		};
/* End PBXFrameworksBuildPhase section */

/* Begin PBXGroup section */
		E51BA04D194D1C97006CC8F0 = {
			isa = PBXGroup;
			children = (
				E51BA061194D1C97006CC8F0 /* ControllingSource */,
				E51BA08A194D1C97006CC8F0 /* ControllingSourceTests */,
				E51BA058194D1C97006CC8F0 /* Frameworks */,
				E51BA057194D1C97006CC8F0 /* Products */,
			);
			sourceTree = "<group>";
		};
		E51BA057194D1C97006CC8F0 /* Products */ = {
			isa = PBXGroup;
			children = (
				E51BA056194D1C97006CC8F0 /* ControllingSource.app */,
				E51BA082194D1C97006CC8F0 /* ControllingSourceTests.xctest */,
			);
			name = Products;
			sourceTree = "<group>";
		};
		E51BA058194D1C97006CC8F0 /* Frameworks */ = {
			isa = PBXGroup;
			children = (
				E51BA059194D1C97006CC8F0 /* Foundation.framework */,
				E51BA05B194D1C97006CC8F0 /* CoreGraphics.framework */,
				E51BA05D194D1C97006CC8F0 /* UIKit.framework */,
				E51BA05F194D1C97006CC8F0 /* CoreData.framework */,
				E51BA083194D1C97006CC8F0 /* XCTest.framework */,
			);
			name = Frameworks;
			sourceTree = "<group>";
		};
		E51BA061194D1C97006CC8F0 /* ControllingSource */ = {
			isa = PBXGroup;
			children = (
				E51BA06A194D1C97006CC8F0 /* AppDelegate.h */,
				E51BA06B194D1C97006CC8F0 /* AppDelegate.m */,
				E51BA06D194D1C97006CC8F0 /* Main_iPhone.storyboard */,
				E51BA070194D1C97006CC8F0 /* Main_iPad.storyboard */,
				E51BA076194D1C97006CC8F0 /* MasterViewController.h */,
				E51BA077194D1C97006CC8F0 /* MasterViewController.m */,
				E51BA079194D1C97006CC8F0 /* DetailViewController.h */,
				E51BA07A194D1C97006CC8F0 /* DetailViewController.m */,
				E51BA07C194D1C97006CC8F0 /* Images.xcassets */,
				E51BA073194D1C97006CC8F0 /* ControllingSource.xcdatamodeld */,
				E51BA062194D1C97006CC8F0 /* Supporting Files */,
			);
			path = ControllingSource;
			sourceTree = "<group>";
		};
		E51BA062194D1C97006CC8F0 /* Supporting Files */ = {
			isa = PBXGroup;
			children = (
				E51BA063194D1C97006CC8F0 /* ControllingSource-Info.plist */,
				E51BA064194D1C97006CC8F0 /* InfoPlist.strings */,
				E51BA067194D1C97006CC8F0 /* main.m */,
				E51BA069194D1C97006CC8F0 /* ControllingSource-Prefix.pch */,
			);
			name = "Supporting Files";
			sourceTree = "<group>";
		};
		E51BA08A194D1C97006CC8F0 /* ControllingSourceTests */ = {
			isa = PBXGroup;
			children = (
				E51BA090194D1C97006CC8F0 /* ControllingSourceTests.m */,
				E51BA08B194D1C97006CC8F0 /* Supporting Files */,
			);
			path = ControllingSourceTests;
			sourceTree = "<group>";
		};
		E51BA08B194D1C97006CC8F0 /* Supporting Files */ = {
			isa = PBXGroup;
			children = (
				E51BA08C194D1C97006CC8F0 /* ControllingSourceTests-Info.plist */,
				E51BA08D194D1C97006CC8F0 /* InfoPlist.strings */,
			);
			name = "Supporting Files";
			sourceTree = "<group>";
		};
/* End PBXGroup section */

/* Begin PBXNativeTarget section */
		E51BA055194D1C97006CC8F0 /* ControllingSource */ = {
			isa = PBXNativeTarget;
			buildConfigurationList = E51BA094194D1C97006CC8F0 /* Build configuration list for PBXNativeTarget "ControllingSource" */;
			buildPhases = (
				E51BA052194D1C97006CC8F0 /* Sources */,
				E51BA053194D1C97006CC8F0 /* Frameworks */,
				E51BA054194D1C97006CC8F0 /* Resources */,
			);
			buildRules = (
			);
			dependencies = (
			);
			name = ControllingSource;
			productName = ControllingSource;
			productReference = E51BA056194D1C97006CC8F0 /* ControllingSource.app */;
			productType = "com.apple.product-type.application";
		};
		E51BA081194D1C97006CC8F0 /* ControllingSourceTests */ = {
			isa = PBXNativeTarget;
			buildConfigurationList = E51BA097194D1C97006CC8F0 /* Build configuration list for PBXNativeTarget "ControllingSourceTests" */;
			buildPhases = (
				E51BA07E194D1C97006CC8F0 /* Sources */,
				E51BA07F194D1C97006CC8F0 /* Frameworks */,
				E51BA080194D1C97006CC8F0 /* Resources */,
			);
			buildRules = (
			);
			dependencies = (
				E51BA089194D1C97006CC8F0 /* PBXTargetDependency */,
			);
			name = ControllingSourceTests;
			productName = ControllingSourceTests;
			productReference = E51BA082194D1C97006CC8F0 /* ControllingSourceTests.xctest */;
			productType = "com.apple.product-type.bundle.unit-test";
		};
/* End PBXNativeTarget section */

/* Begin PBXProject section */
		E51BA04E194D1C97006CC8F0 /* Project object */ = {
			isa = PBXProject;
			attributes = {
				LastUpgradeCheck = 0500;
				ORGANIZATIONNAME = "Marcus Spain";
				TargetAttributes = {
					E51BA081194D1C97006CC8F0 = {
						TestTargetID = E51BA055194D1C97006CC8F0;
					};
				};
			};
			buildConfigurationList = E51BA051194D1C97006CC8F0 /* Build configuration list for PBXProject "ControllingSource" */;
			compatibilityVersion = "Xcode 3.2";
			developmentRegion = English;
			hasScannedForEncodings = 0;
			knownRegions = (
				en,
				Base,
			);
			mainGroup = E51BA04D194D1C97006CC8F0;
			productRefGroup = E51BA057194D1C97006CC8F0 /* Products */;
			projectDirPath = "";
			projectRoot = "";
			targets = (
				E51BA055194D1C97006CC8F0 /* ControllingSource */,
				E51BA081194D1C97006CC8F0 /* ControllingSourceTests */,
			);
		};
/* End PBXProject section */

/* Begin PBXResourcesBuildPhase section */
		E51BA054194D1C97006CC8F0 /* Resources */ = {
			isa = PBXResourcesBuildPhase;
			buildActionMask = 2147483647;
			files = (
				E51BA072194D1C97006CC8F0 /* Main_iPad.storyboard in Resources */,
				E51BA07D194D1C97006CC8F0 /* Images.xcassets in Resources */,
				E51BA06F194D1C97006CC8F0 /* Main_iPhone.storyboard in Resources */,
				E51BA066194D1C97006CC8F0 /* InfoPlist.strings in Resources */,
			);
			runOnlyForDeploymentPostprocessing = 0;
		};
		E51BA080194D1C97006CC8F0 /* Resources */ = {
			isa = PBXResourcesBuildPhase;
			buildActionMask = 2147483647;
			files = (
				E51BA08F194D1C97006CC8F0 /* InfoPlist.strings in Resources */,
			);
			runOnlyForDeploymentPostprocessing = 0;
		};
/* End PBXResourcesBuildPhase section */

/* Begin PBXSourcesBuildPhase section */
		E51BA052194D1C97006CC8F0 /* Sources */ = {
			isa = PBXSourcesBuildPhase;
			buildActionMask = 2147483647;
			files = (
				E51BA07B194D1C97006CC8F0 /* DetailViewController.m in Sources */,
				E51BA078194D1C97006CC8F0 /* MasterViewController.m in Sources */,
				E51BA075194D1C97006CC8F0 /* ControllingSource.xcdatamodeld in Sources */,
				E51BA06C194D1C97006CC8F0 /* AppDelegate.m in Sources */,
				E51BA068194D1C97006CC8F0 /* main.m in Sources */,
			);
			runOnlyForDeploymentPostprocessing = 0;
		};
		E51BA07E194D1C97006CC8F0 /* Sources */ = {
			isa = PBXSourcesBuildPhase;
			buildActionMask = 2147483647;
			files = (
				E51BA091194D1C97006CC8F0 /* ControllingSourceTests.m in Sources */,
			);
			runOnlyForDeploymentPostprocessing = 0;
		};
/* End PBXSourcesBuildPhase section */

/* Begin PBXTargetDependency section */
		E51BA089194D1C97006CC8F0 /* PBXTargetDependency */ = {
			isa = PBXTargetDependency;
			target = E51BA055194D1C97006CC8F0 /* ControllingSource */;
			targetProxy = E51BA088194D1C97006CC8F0 /* PBXContainerItemProxy */;
		};
/* End PBXTargetDependency section */

/* Begin PBXVariantGroup section */
		E51BA064194D1C97006CC8F0 /* InfoPlist.strings */ = {
			isa = PBXVariantGroup;
			children = (
				E51BA065194D1C97006CC8F0 /* en */,
			);
			name = InfoPlist.strings;
			sourceTree = "<group>";
		};
		E51BA06D194D1C97006CC8F0 /* Main_iPhone.storyboard */ = {
			isa = PBXVariantGroup;
			children = (
				E51BA06E194D1C97006CC8F0 /* Base */,
			);
			name = Main_iPhone.storyboard;
			sourceTree = "<group>";
		};
		E51BA070194D1C97006CC8F0 /* Main_iPad.storyboard */ = {
			isa = PBXVariantGroup;
			children = (
				E51BA071194D1C97006CC8F0 /* Base */,
			);
			name = Main_iPad.storyboard;
			sourceTree = "<group>";
		};
		E51BA08D194D1C97006CC8F0 /* InfoPlist.strings */ = {
			isa = PBXVariantGroup;
			children = (
				E51BA08E194D1C97006CC8F0 /* en */,
			);
			name = InfoPlist.strings;
			sourceTree = "<group>";
		};
/* End PBXVariantGroup section */

/* Begin XCBuildConfiguration section */
		E51BA092194D1C97006CC8F0 /* Debug */ = {
			isa = XCBuildConfiguration;
			buildSettings = {
				ALWAYS_SEARCH_USER_PATHS = NO;
				ARCHS = "$(ARCHS_STANDARD_INCLUDING_64_BIT)";
				CLANG_CXX_LANGUAGE_STANDARD = "gnu++0x";
				CLANG_CXX_LIBRARY = "libc++";
				CLANG_ENABLE_MODULES = YES;
				CLANG_ENABLE_OBJC_ARC = YES;
				CLANG_WARN_BOOL_CONVERSION = YES;
				CLANG_WARN_CONSTANT_CONVERSION = YES;
				CLANG_WARN_DIRECT_OBJC_ISA_USAGE = YES_ERROR;
				CLANG_WARN_EMPTY_BODY = YES;
				CLANG_WARN_ENUM_CONVERSION = YES;
				CLANG_WARN_INT_CONVERSION = YES;
				CLANG_WARN_OBJC_ROOT_CLASS = YES_ERROR;
				CLANG_WARN__DUPLICATE_METHOD_MATCH = YES;
				"CODE_SIGN_IDENTITY[sdk=iphoneos*]" = "iPhone Developer";
				COPY_PHASE_STRIP = NO;
				GCC_C_LANGUAGE_STANDARD = gnu99;
				GCC_DYNAMIC_NO_PIC = NO;
				GCC_OPTIMIZATION_LEVEL = 0;
				GCC_PREPROCESSOR_DEFINITIONS = (
					"DEBUG=1",
					"$(inherited)",
				);
				GCC_SYMBOLS_PRIVATE_EXTERN = NO;
				GCC_WARN_64_TO_32_BIT_CONVERSION = YES;
				GCC_WARN_ABOUT_RETURN_TYPE = YES_ERROR;
				GCC_WARN_UNDECLARED_SELECTOR = YES;
				GCC_WARN_UNINITIALIZED_AUTOS = YES;
				GCC_WARN_UNUSED_FUNCTION = YES;
				GCC_WARN_UNUSED_VARIABLE = YES;
				IPHONEOS_DEPLOYMENT_TARGET = 7.0;
				ONLY_ACTIVE_ARCH = YES;
				SDKROOT = iphoneos;
				TARGETED_DEVICE_FAMILY = "1,2";
			};
			name = Debug;
		};
		E51BA093194D1C97006CC8F0 /* Release */ = {
			isa = XCBuildConfiguration;
			buildSettings = {
				ALWAYS_SEARCH_USER_PATHS = NO;
				ARCHS = "$(ARCHS_STANDARD_INCLUDING_64_BIT)";
				CLANG_CXX_LANGUAGE_STANDARD = "gnu++0x";
				CLANG_CXX_LIBRARY = "libc++";
				CLANG_ENABLE_MODULES = YES;
				CLANG_ENABLE_OBJC_ARC = YES;
				CLANG_WARN_BOOL_CONVERSION = YES;
				CLANG_WARN_CONSTANT_CONVERSION = YES;
				CLANG_WARN_DIRECT_OBJC_ISA_USAGE = YES_ERROR;
				CLANG_WARN_EMPTY_BODY = YES;
				CLANG_WARN_ENUM_CONVERSION = YES;
				CLANG_WARN_INT_CONVERSION = YES;
				CLANG_WARN_OBJC_ROOT_CLASS = YES_ERROR;
				CLANG_WARN__DUPLICATE_METHOD_MATCH = YES;
				"CODE_SIGN_IDENTITY[sdk=iphoneos*]" = "iPhone Developer";
				COPY_PHASE_STRIP = YES;
				ENABLE_NS_ASSERTIONS = NO;
				GCC_C_LANGUAGE_STANDARD = gnu99;
				GCC_WARN_64_TO_32_BIT_CONVERSION = YES;
				GCC_WARN_ABOUT_RETURN_TYPE = YES_ERROR;
				GCC_WARN_UNDECLARED_SELECTOR = YES;
				GCC_WARN_UNINITIALIZED_AUTOS = YES;
				GCC_WARN_UNUSED_FUNCTION = YES;
				GCC_WARN_UNUSED_VARIABLE = YES;
				IPHONEOS_DEPLOYMENT_TARGET = 7.0;
				SDKROOT = iphoneos;
				TARGETED_DEVICE_FAMILY = "1,2";
				VALIDATE_PRODUCT = YES;
			};
			name = Release;
		};
		E51BA095194D1C97006CC8F0 /* Debug */ = {
			isa = XCBuildConfiguration;
			buildSettings = {
				ASSETCATALOG_COMPILER_APPICON_NAME = AppIcon;
				ASSETCATALOG_COMPILER_LAUNCHIMAGE_NAME = LaunchImage;
				GCC_PRECOMPILE_PREFIX_HEADER = YES;
				GCC_PREFIX_HEADER = "ControllingSource/ControllingSource-Prefix.pch";
				INFOPLIST_FILE = "ControllingSource/ControllingSource-Info.plist";
				PRODUCT_NAME = "$(TARGET_NAME)";
				WRAPPER_EXTENSION = app;
			};
			name = Debug;
		};
		E51BA096194D1C97006CC8F0 /* Release */ = {
			isa = XCBuildConfiguration;
			buildSettings = {
				ASSETCATALOG_COMPILER_APPICON_NAME = AppIcon;
				ASSETCATALOG_COMPILER_LAUNCHIMAGE_NAME = LaunchImage;
				GCC_PRECOMPILE_PREFIX_HEADER = YES;
				GCC_PREFIX_HEADER = "ControllingSource/ControllingSource-Prefix.pch";
				INFOPLIST_FILE = "ControllingSource/ControllingSource-Info.plist";
				PRODUCT_NAME = "$(TARGET_NAME)";
				WRAPPER_EXTENSION = app;
			};
			name = Release;
		};
		E51BA098194D1C97006CC8F0 /* Debug */ = {
			isa = XCBuildConfiguration;
			buildSettings = {
				ARCHS = "$(ARCHS_STANDARD_INCLUDING_64_BIT)";
				BUNDLE_LOADER = "$(BUILT_PRODUCTS_DIR)/ControllingSource.app/ControllingSource";
				FRAMEWORK_SEARCH_PATHS = (
					"$(SDKROOT)/Developer/Library/Frameworks",
					"$(inherited)",
					"$(DEVELOPER_FRAMEWORKS_DIR)",
				);
				GCC_PRECOMPILE_PREFIX_HEADER = YES;
				GCC_PREFIX_HEADER = "ControllingSource/ControllingSource-Prefix.pch";
				GCC_PREPROCESSOR_DEFINITIONS = (
					"DEBUG=1",
					"$(inherited)",
				);
				INFOPLIST_FILE = "ControllingSourceTests/ControllingSourceTests-Info.plist";
				PRODUCT_NAME = "$(TARGET_NAME)";
				TEST_HOST = "$(BUNDLE_LOADER)";
				WRAPPER_EXTENSION = xctest;
			};
			name = Debug;
		};
		E51BA099194D1C97006CC8F0 /* Release */ = {
			isa = XCBuildConfiguration;
			buildSettings = {
				ARCHS = "$(ARCHS_STANDARD_INCLUDING_64_BIT)";
				BUNDLE_LOADER = "$(BUILT_PRODUCTS_DIR)/ControllingSource.app/ControllingSource";
				FRAMEWORK_SEARCH_PATHS = (
					"$(SDKROOT)/Developer/Library/Frameworks",
					"$(inherited)",
					"$(DEVELOPER_FRAMEWORKS_DIR)",
				);
				GCC_PRECOMPILE_PREFIX_HEADER = YES;
				GCC_PREFIX_HEADER = "ControllingSource/ControllingSource-Prefix.pch";
				INFOPLIST_FILE = "ControllingSourceTests/ControllingSourceTests-Info.plist";
				PRODUCT_NAME = "$(TARGET_NAME)";
				TEST_HOST = "$(BUNDLE_LOADER)";
				WRAPPER_EXTENSION = xctest;
			};
			name = Release;
		};
/* End XCBuildConfiguration section */

/* Begin XCConfigurationList section */
		E51BA051194D1C97006CC8F0 /* Build configuration list for PBXProject "ControllingSource" */ = {
			isa = XCConfigurationList;
			buildConfigurations = (
				E51BA092194D1C97006CC8F0 /* Debug */,
				E51BA093194D1C97006CC8F0 /* Release */,
			);
			defaultConfigurationIsVisible = 0;
			defaultConfigurationName = Release;
		};
		E51BA094194D1C97006CC8F0 /* Build configuration list for PBXNativeTarget "ControllingSource" */ = {
			isa = XCConfigurationList;
			buildConfigurations = (
				E51BA095194D1C97006CC8F0 /* Debug */,
				E51BA096194D1C97006CC8F0 /* Release */,
			);
			defaultConfigurationIsVisible = 0;
		};
		E51BA097194D1C97006CC8F0 /* Build configuration list for PBXNativeTarget "ControllingSourceTests" */ = {
			isa = XCConfigurationList;
			buildConfigurations = (
				E51BA098194D1C97006CC8F0 /* Debug */,
				E51BA099194D1C97006CC8F0 /* Release */,
			);
			defaultConfigurationIsVisible = 0;
		};
/* End XCConfigurationList section */

/* Begin XCVersionGroup section */
		E51BA073194D1C97006CC8F0 /* ControllingSource.xcdatamodeld */ = {
			isa = XCVersionGroup;
			children = (
				E51BA074194D1C97006CC8F0 /* ControllingSource.xcdatamodel */,
			);
			currentVersion = E51BA074194D1C97006CC8F0 /* ControllingSource.xcdatamodel */;
			path = ControllingSource.xcdatamodeld;
			sourceTree = "<group>";
			versionGroupType = wrapper.xcdatamodel;
		};
/* End XCVersionGroup section */
	};
	rootObject = E51BA04E194D1C97006CC8F0 /* Project object */;
}
